{
  "name": "@agntcy/dir-mcp",
  "version": "1.3.7",
  "lockfileVersion": 3,
  "requires": true,
  "packages": {
    "": {
      "name": "@agntcy/dir-mcp",
      "version": "1.3.7",
      "hasInstallScript": true,
      "license": "Apache-2.0",
      "bin": {
        "dir-mcp": "bin/dir-mcp.js",
        "dirctl": "bin/dirctl.js"
      },
      "engines": {
        "node": ">=18"
      }
    }
  }
}
